// !$*UTF8*$!
{
	archiveVersion = 1;
	classes = {
	};
	objectVersion = 55;
	objects = {

/* Begin PBXBuildFile section */
		07D2C747E7FBBB56B22D181A /* Pods_RecipeWizard.framework in Frameworks */ = {isa = PBXBuildFile; fileRef = 1886E1AAFF0B5D03F2D15109 /* Pods_RecipeWizard.framework */; };
		1E66E5F82740160300055495 /* MealListViewController.swift in Sources */ = {isa = PBXBuildFile; fileRef = 1E66E5F72740160300055495 /* MealListViewController.swift */; };
		1E66E5FA2740161500055495 /* MealList.storyboard in Resources */ = {isa = PBXBuildFile; fileRef = 1E66E5F92740161500055495 /* MealList.storyboard */; };
		1E66E5FE2740379600055495 /* MealListViewModel.swift in Sources */ = {isa = PBXBuildFile; fileRef = 1E66E5FD2740379600055495 /* MealListViewModel.swift */; };
		1E66E60027403CA000055495 /* MealListItemTableViewCell.swift in Sources */ = {isa = PBXBuildFile; fileRef = 1E66E5FF27403CA000055495 /* MealListItemTableViewCell.swift */; };
		1EB08C78274068ED00E52A3B /* RecipeView.storyboard in Resources */ = {isa = PBXBuildFile; fileRef = 1EB08C77274068ED00E52A3B /* RecipeView.storyboard */; };
		1EB08C7A27407BE600E52A3B /* IngredientDetailTableViewCell.swift in Sources */ = {isa = PBXBuildFile; fileRef = 1EB08C7927407BE600E52A3B /* IngredientDetailTableViewCell.swift */; };
		1EB08C7C27407D9900E52A3B /* RecipeViewController.swift in Sources */ = {isa = PBXBuildFile; fileRef = 1EB08C7B27407D9900E52A3B /* RecipeViewController.swift */; };
		1EB08C7E2740808600E52A3B /* RecipeViewModel.swift in Sources */ = {isa = PBXBuildFile; fileRef = 1EB08C7D2740808600E52A3B /* RecipeViewModel.swift */; };
		1ED11B5A273EFC1B00E7BF62 /* AppDelegate.swift in Sources */ = {isa = PBXBuildFile; fileRef = 1ED11B59273EFC1B00E7BF62 /* AppDelegate.swift */; };
		1ED11B5C273EFC1B00E7BF62 /* SceneDelegate.swift in Sources */ = {isa = PBXBuildFile; fileRef = 1ED11B5B273EFC1B00E7BF62 /* SceneDelegate.swift */; };
		1ED11B5E273EFC1B00E7BF62 /* ListingViewController.swift in Sources */ = {isa = PBXBuildFile; fileRef = 1ED11B5D273EFC1B00E7BF62 /* ListingViewController.swift */; };
		1ED11B61273EFC1B00E7BF62 /* Main.storyboard in Resources */ = {isa = PBXBuildFile; fileRef = 1ED11B5F273EFC1B00E7BF62 /* Main.storyboard */; };
		1ED11B63273EFC1E00E7BF62 /* Assets.xcassets in Resources */ = {isa = PBXBuildFile; fileRef = 1ED11B62273EFC1E00E7BF62 /* Assets.xcassets */; };
		1ED11B66273EFC1E00E7BF62 /* LaunchScreen.storyboard in Resources */ = {isa = PBXBuildFile; fileRef = 1ED11B64273EFC1E00E7BF62 /* LaunchScreen.storyboard */; };
		1ED11B71273EFC1E00E7BF62 /* RecipeWizardTests.swift in Sources */ = {isa = PBXBuildFile; fileRef = 1ED11B70273EFC1E00E7BF62 /* RecipeWizardTests.swift */; };
		1ED11B7B273EFC1E00E7BF62 /* RecipeWizardUITests.swift in Sources */ = {isa = PBXBuildFile; fileRef = 1ED11B7A273EFC1E00E7BF62 /* RecipeWizardUITests.swift */; };
		1ED11B7D273EFC1E00E7BF62 /* RecipeWizardUITestsLaunchTests.swift in Sources */ = {isa = PBXBuildFile; fileRef = 1ED11B7C273EFC1E00E7BF62 /* RecipeWizardUITestsLaunchTests.swift */; };
		1ED11B8F273F0A1D00E7BF62 /* IngredientsTableViewCell.swift in Sources */ = {isa = PBXBuildFile; fileRef = 1ED11B8E273F0A1D00E7BF62 /* IngredientsTableViewCell.swift */; };
		1ED11B91273F0B3600E7BF62 /* ListingViewModel.swift in Sources */ = {isa = PBXBuildFile; fileRef = 1ED11B90273F0B3600E7BF62 /* ListingViewModel.swift */; };
		1ED11B94273F0D0C00E7BF62 /* RecipeService.swift in Sources */ = {isa = PBXBuildFile; fileRef = 1ED11B93273F0D0C00E7BF62 /* RecipeService.swift */; };
		1ED11B96273F21B000E7BF62 /* MealModel.swift in Sources */ = {isa = PBXBuildFile; fileRef = 1ED11B95273F21B000E7BF62 /* MealModel.swift */; };
/* End PBXBuildFile section */

/* Begin PBXContainerItemProxy section */
		1ED11B6D273EFC1E00E7BF62 /* PBXContainerItemProxy */ = {
			isa = PBXContainerItemProxy;
			containerPortal = 1ED11B4E273EFC1A00E7BF62 /* Project object */;
			proxyType = 1;
			remoteGlobalIDString = 1ED11B55273EFC1B00E7BF62;
			remoteInfo = RecipeWizard;
		};
		1ED11B77273EFC1E00E7BF62 /* PBXContainerItemProxy */ = {
			isa = PBXContainerItemProxy;
			containerPortal = 1ED11B4E273EFC1A00E7BF62 /* Project object */;
			proxyType = 1;
			remoteGlobalIDString = 1ED11B55273EFC1B00E7BF62;
			remoteInfo = RecipeWizard;
		};
/* End PBXContainerItemProxy section */

/* Begin PBXFileReference section */
		1886E1AAFF0B5D03F2D15109 /* Pods_RecipeWizard.framework */ = {isa = PBXFileReference; explicitFileType = wrapper.framework; includeInIndex = 0; path = Pods_RecipeWizard.framework; sourceTree = BUILT_PRODUCTS_DIR; };
		1E66E5F72740160300055495 /* MealListViewController.swift */ = {isa = PBXFileReference; lastKnownFileType = sourcecode.swift; path = MealListViewController.swift; sourceTree = "<group>"; };
		1E66E5F92740161500055495 /* MealList.storyboard */ = {isa = PBXFileReference; lastKnownFileType = file.storyboard; path = MealList.storyboard; sourceTree = "<group>"; };
		1E66E5FD2740379600055495 /* MealListViewModel.swift */ = {isa = PBXFileReference; lastKnownFileType = sourcecode.swift; path = MealListViewModel.swift; sourceTree = "<group>"; };
		1E66E5FF27403CA000055495 /* MealListItemTableViewCell.swift */ = {isa = PBXFileReference; lastKnownFileType = sourcecode.swift; path = MealListItemTableViewCell.swift; sourceTree = "<group>"; };
		1EB08C77274068ED00E52A3B /* RecipeView.storyboard */ = {isa = PBXFileReference; lastKnownFileType = file.storyboard; path = RecipeView.storyboard; sourceTree = "<group>"; };
		1EB08C7927407BE600E52A3B /* IngredientDetailTableViewCell.swift */ = {isa = PBXFileReference; lastKnownFileType = sourcecode.swift; path = IngredientDetailTableViewCell.swift; sourceTree = "<group>"; };
		1EB08C7B27407D9900E52A3B /* RecipeViewController.swift */ = {isa = PBXFileReference; lastKnownFileType = sourcecode.swift; path = RecipeViewController.swift; sourceTree = "<group>"; };
		1EB08C7D2740808600E52A3B /* RecipeViewModel.swift */ = {isa = PBXFileReference; lastKnownFileType = sourcecode.swift; path = RecipeViewModel.swift; sourceTree = "<group>"; };
		1ED11B56273EFC1B00E7BF62 /* RecipeWizard.app */ = {isa = PBXFileReference; explicitFileType = wrapper.application; includeInIndex = 0; path = RecipeWizard.app; sourceTree = BUILT_PRODUCTS_DIR; };
		1ED11B59273EFC1B00E7BF62 /* AppDelegate.swift */ = {isa = PBXFileReference; lastKnownFileType = sourcecode.swift; path = AppDelegate.swift; sourceTree = "<group>"; };
		1ED11B5B273EFC1B00E7BF62 /* SceneDelegate.swift */ = {isa = PBXFileReference; lastKnownFileType = sourcecode.swift; path = SceneDelegate.swift; sourceTree = "<group>"; };
		1ED11B5D273EFC1B00E7BF62 /* ListingViewController.swift */ = {isa = PBXFileReference; lastKnownFileType = sourcecode.swift; path = ListingViewController.swift; sourceTree = "<group>"; };
		1ED11B60273EFC1B00E7BF62 /* Base */ = {isa = PBXFileReference; lastKnownFileType = file.storyboard; name = Base; path = Base.lproj/Main.storyboard; sourceTree = "<group>"; };
		1ED11B62273EFC1E00E7BF62 /* Assets.xcassets */ = {isa = PBXFileReference; lastKnownFileType = folder.assetcatalog; path = Assets.xcassets; sourceTree = "<group>"; };
		1ED11B65273EFC1E00E7BF62 /* Base */ = {isa = PBXFileReference; lastKnownFileType = file.storyboard; name = Base; path = Base.lproj/LaunchScreen.storyboard; sourceTree = "<group>"; };
		1ED11B67273EFC1E00E7BF62 /* Info.plist */ = {isa = PBXFileReference; lastKnownFileType = text.plist.xml; path = Info.plist; sourceTree = "<group>"; };
		1ED11B6C273EFC1E00E7BF62 /* RecipeWizardTests.xctest */ = {isa = PBXFileReference; explicitFileType = wrapper.cfbundle; includeInIndex = 0; path = RecipeWizardTests.xctest; sourceTree = BUILT_PRODUCTS_DIR; };
		1ED11B70273EFC1E00E7BF62 /* RecipeWizardTests.swift */ = {isa = PBXFileReference; lastKnownFileType = sourcecode.swift; path = RecipeWizardTests.swift; sourceTree = "<group>"; };
		1ED11B76273EFC1E00E7BF62 /* RecipeWizardUITests.xctest */ = {isa = PBXFileReference; explicitFileType = wrapper.cfbundle; includeInIndex = 0; path = RecipeWizardUITests.xctest; sourceTree = BUILT_PRODUCTS_DIR; };
		1ED11B7A273EFC1E00E7BF62 /* RecipeWizardUITests.swift */ = {isa = PBXFileReference; lastKnownFileType = sourcecode.swift; path = RecipeWizardUITests.swift; sourceTree = "<group>"; };
		1ED11B7C273EFC1E00E7BF62 /* RecipeWizardUITestsLaunchTests.swift */ = {isa = PBXFileReference; lastKnownFileType = sourcecode.swift; path = RecipeWizardUITestsLaunchTests.swift; sourceTree = "<group>"; };
		1ED11B8E273F0A1D00E7BF62 /* IngredientsTableViewCell.swift */ = {isa = PBXFileReference; lastKnownFileType = sourcecode.swift; path = IngredientsTableViewCell.swift; sourceTree = "<group>"; };
		1ED11B90273F0B3600E7BF62 /* ListingViewModel.swift */ = {isa = PBXFileReference; lastKnownFileType = sourcecode.swift; path = ListingViewModel.swift; sourceTree = "<group>"; };
		1ED11B93273F0D0C00E7BF62 /* RecipeService.swift */ = {isa = PBXFileReference; lastKnownFileType = sourcecode.swift; path = RecipeService.swift; sourceTree = "<group>"; };
		1ED11B95273F21B000E7BF62 /* MealModel.swift */ = {isa = PBXFileReference; lastKnownFileType = sourcecode.swift; path = MealModel.swift; sourceTree = "<group>"; };
		3350C505002FD4F5DF1AE37E /* Pods-RecipeWizard.debug.xcconfig */ = {isa = PBXFileReference; includeInIndex = 1; lastKnownFileType = text.xcconfig; name = "Pods-RecipeWizard.debug.xcconfig"; path = "Target Support Files/Pods-RecipeWizard/Pods-RecipeWizard.debug.xcconfig"; sourceTree = "<group>"; };
		96D9D8D3C553C385EAA5A486 /* Pods-RecipeWizard.release.xcconfig */ = {isa = PBXFileReference; includeInIndex = 1; lastKnownFileType = text.xcconfig; name = "Pods-RecipeWizard.release.xcconfig"; path = "Target Support Files/Pods-RecipeWizard/Pods-RecipeWizard.release.xcconfig"; sourceTree = "<group>"; };
/* End PBXFileReference section */

/* Begin PBXFrameworksBuildPhase section */
		1ED11B53273EFC1B00E7BF62 /* Frameworks */ = {
			isa = PBXFrameworksBuildPhase;
			buildActionMask = 2147483647;
			files = (
				07D2C747E7FBBB56B22D181A /* Pods_RecipeWizard.framework in Frameworks */,
			);
			runOnlyForDeploymentPostprocessing = 0;
		};
		1ED11B69273EFC1E00E7BF62 /* Frameworks */ = {
			isa = PBXFrameworksBuildPhase;
			buildActionMask = 2147483647;
			files = (
			);
			runOnlyForDeploymentPostprocessing = 0;
		};
		1ED11B73273EFC1E00E7BF62 /* Frameworks */ = {
			isa = PBXFrameworksBuildPhase;
			buildActionMask = 2147483647;
			files = (
			);
			runOnlyForDeploymentPostprocessing = 0;
		};
/* End PBXFrameworksBuildPhase section */

/* Begin PBXGroup section */
		0A6E6FE9A55D9408467FC996 /* Pods */ = {
			isa = PBXGroup;
			children = (
				3350C505002FD4F5DF1AE37E /* Pods-RecipeWizard.debug.xcconfig */,
				96D9D8D3C553C385EAA5A486 /* Pods-RecipeWizard.release.xcconfig */,
			);
			path = Pods;
			sourceTree = "<group>";
		};
		1E66E6012740521B00055495 /* ViewModel */ = {
			isa = PBXGroup;
			children = (
				1ED11B90273F0B3600E7BF62 /* ListingViewModel.swift */,
				1E66E5FD2740379600055495 /* MealListViewModel.swift */,
				1EB08C7D2740808600E52A3B /* RecipeViewModel.swift */,
			);
			path = ViewModel;
			sourceTree = "<group>";
		};
		1E66E6022740522500055495 /* ViewController */ = {
			isa = PBXGroup;
			children = (
				1E66E5F72740160300055495 /* MealListViewController.swift */,
				1ED11B5D273EFC1B00E7BF62 /* ListingViewController.swift */,
				1EB08C7B27407D9900E52A3B /* RecipeViewController.swift */,
			);
			path = ViewController;
			sourceTree = "<group>";
		};
		1E66E6032740524200055495 /* View */ = {
			isa = PBXGroup;
			children = (
				1E66E6062740529D00055495 /* Cells */,
				1E66E5F92740161500055495 /* MealList.storyboard */,
				1ED11B5F273EFC1B00E7BF62 /* Main.storyboard */,
				1ED11B64273EFC1E00E7BF62 /* LaunchScreen.storyboard */,
				1EB08C77274068ED00E52A3B /* RecipeView.storyboard */,
			);
			path = View;
			sourceTree = "<group>";
		};
		1E66E6042740525500055495 /* Common */ = {
			isa = PBXGroup;
			children = (
				1ED11B5B273EFC1B00E7BF62 /* SceneDelegate.swift */,
				1ED11B59273EFC1B00E7BF62 /* AppDelegate.swift */,
			);
			path = Common;
			sourceTree = "<group>";
		};
		1E66E6052740526900055495 /* Model */ = {
			isa = PBXGroup;
			children = (
				1ED11B95273F21B000E7BF62 /* MealModel.swift */,
			);
			path = Model;
			sourceTree = "<group>";
		};
		1E66E6062740529D00055495 /* Cells */ = {
			isa = PBXGroup;
			children = (
				1ED11B8E273F0A1D00E7BF62 /* IngredientsTableViewCell.swift */,
				1E66E5FF27403CA000055495 /* MealListItemTableViewCell.swift */,
				1EB08C7927407BE600E52A3B /* IngredientDetailTableViewCell.swift */,
			);
			path = Cells;
			sourceTree = "<group>";
		};
		1ED11B4D273EFC1A00E7BF62 = {
			isa = PBXGroup;
			children = (
				1ED11B58273EFC1B00E7BF62 /* RecipeWizard */,
				1ED11B6F273EFC1E00E7BF62 /* RecipeWizardTests */,
				1ED11B79273EFC1E00E7BF62 /* RecipeWizardUITests */,
				1ED11B57273EFC1B00E7BF62 /* Products */,
				0A6E6FE9A55D9408467FC996 /* Pods */,
				AA808CF76D8C30B8BF70A1AF /* Frameworks */,
			);
			sourceTree = "<group>";
		};
		1ED11B57273EFC1B00E7BF62 /* Products */ = {
			isa = PBXGroup;
			children = (
				1ED11B56273EFC1B00E7BF62 /* RecipeWizard.app */,
				1ED11B6C273EFC1E00E7BF62 /* RecipeWizardTests.xctest */,
				1ED11B76273EFC1E00E7BF62 /* RecipeWizardUITests.xctest */,
			);
			name = Products;
			sourceTree = "<group>";
		};
		1ED11B58273EFC1B00E7BF62 /* RecipeWizard */ = {
			isa = PBXGroup;
			children = (
				1E66E6052740526900055495 /* Model */,
				1E66E6042740525500055495 /* Common */,
				1E66E6032740524200055495 /* View */,
				1E66E6022740522500055495 /* ViewController */,
				1E66E6012740521B00055495 /* ViewModel */,
				1ED11B92273F0CE100E7BF62 /* Services */,
				1ED11B62273EFC1E00E7BF62 /* Assets.xcassets */,
				1ED11B67273EFC1E00E7BF62 /* Info.plist */,
			);
			path = RecipeWizard;
			sourceTree = "<group>";
		};
		1ED11B6F273EFC1E00E7BF62 /* RecipeWizardTests */ = {
			isa = PBXGroup;
			children = (
				1ED11B70273EFC1E00E7BF62 /* RecipeWizardTests.swift */,
			);
			path = RecipeWizardTests;
			sourceTree = "<group>";
		};
		1ED11B79273EFC1E00E7BF62 /* RecipeWizardUITests */ = {
			isa = PBXGroup;
			children = (
				1ED11B7A273EFC1E00E7BF62 /* RecipeWizardUITests.swift */,
				1ED11B7C273EFC1E00E7BF62 /* RecipeWizardUITestsLaunchTests.swift */,
			);
			path = RecipeWizardUITests;
			sourceTree = "<group>";
		};
		1ED11B92273F0CE100E7BF62 /* Services */ = {
			isa = PBXGroup;
			children = (
				1ED11B93273F0D0C00E7BF62 /* RecipeService.swift */,
			);
			path = Services;
			sourceTree = "<group>";
		};
		AA808CF76D8C30B8BF70A1AF /* Frameworks */ = {
			isa = PBXGroup;
			children = (
				1886E1AAFF0B5D03F2D15109 /* Pods_RecipeWizard.framework */,
			);
			name = Frameworks;
			sourceTree = "<group>";
		};
/* End PBXGroup section */

/* Begin PBXNativeTarget section */
		1ED11B55273EFC1B00E7BF62 /* RecipeWizard */ = {
			isa = PBXNativeTarget;
			buildConfigurationList = 1ED11B80273EFC1E00E7BF62 /* Build configuration list for PBXNativeTarget "RecipeWizard" */;
			buildPhases = (
				5814AF30FA02834CA66EDE87 /* [CP] Check Pods Manifest.lock */,
				1ED11B52273EFC1B00E7BF62 /* Sources */,
				1ED11B53273EFC1B00E7BF62 /* Frameworks */,
				1ED11B54273EFC1B00E7BF62 /* Resources */,
				CEEFA73F593D1F997D236877 /* [CP] Embed Pods Frameworks */,
			);
			buildRules = (
			);
			dependencies = (
			);
			name = RecipeWizard;
			productName = RecipeWizard;
			productReference = 1ED11B56273EFC1B00E7BF62 /* RecipeWizard.app */;
			productType = "com.apple.product-type.application";
		};
		1ED11B6B273EFC1E00E7BF62 /* RecipeWizardTests */ = {
			isa = PBXNativeTarget;
			buildConfigurationList = 1ED11B83273EFC1E00E7BF62 /* Build configuration list for PBXNativeTarget "RecipeWizardTests" */;
			buildPhases = (
				1ED11B68273EFC1E00E7BF62 /* Sources */,
				1ED11B69273EFC1E00E7BF62 /* Frameworks */,
				1ED11B6A273EFC1E00E7BF62 /* Resources */,
			);
			buildRules = (
			);
			dependencies = (
				1ED11B6E273EFC1E00E7BF62 /* PBXTargetDependency */,
			);
			name = RecipeWizardTests;
			productName = RecipeWizardTests;
			productReference = 1ED11B6C273EFC1E00E7BF62 /* RecipeWizardTests.xctest */;
			productType = "com.apple.product-type.bundle.unit-test";
		};
		1ED11B75273EFC1E00E7BF62 /* RecipeWizardUITests */ = {
			isa = PBXNativeTarget;
			buildConfigurationList = 1ED11B86273EFC1E00E7BF62 /* Build configuration list for PBXNativeTarget "RecipeWizardUITests" */;
			buildPhases = (
				1ED11B72273EFC1E00E7BF62 /* Sources */,
				1ED11B73273EFC1E00E7BF62 /* Frameworks */,
				1ED11B74273EFC1E00E7BF62 /* Resources */,
			);
			buildRules = (
			);
			dependencies = (
				1ED11B78273EFC1E00E7BF62 /* PBXTargetDependency */,
			);
			name = RecipeWizardUITests;
			productName = RecipeWizardUITests;
			productReference = 1ED11B76273EFC1E00E7BF62 /* RecipeWizardUITests.xctest */;
			productType = "com.apple.product-type.bundle.ui-testing";
		};
/* End PBXNativeTarget section */

/* Begin PBXProject section */
		1ED11B4E273EFC1A00E7BF62 /* Project object */ = {
			isa = PBXProject;
			attributes = {
				BuildIndependentTargetsInParallel = 1;
				LastSwiftUpdateCheck = 1310;
				LastUpgradeCheck = 1310;
				TargetAttributes = {
					1ED11B55273EFC1B00E7BF62 = {
						CreatedOnToolsVersion = 13.1;
					};
					1ED11B6B273EFC1E00E7BF62 = {
						CreatedOnToolsVersion = 13.1;
						TestTargetID = 1ED11B55273EFC1B00E7BF62;
					};
					1ED11B75273EFC1E00E7BF62 = {
						CreatedOnToolsVersion = 13.1;
						TestTargetID = 1ED11B55273EFC1B00E7BF62;
					};
				};
			};
			buildConfigurationList = 1ED11B51273EFC1A00E7BF62 /* Build configuration list for PBXProject "RecipeWizard" */;
			compatibilityVersion = "Xcode 13.0";
			developmentRegion = en;
			hasScannedForEncodings = 0;
			knownRegions = (
				en,
				Base,
			);
			mainGroup = 1ED11B4D273EFC1A00E7BF62;
			productRefGroup = 1ED11B57273EFC1B00E7BF62 /* Products */;
			projectDirPath = "";
			projectRoot = "";
			targets = (
				1ED11B55273EFC1B00E7BF62 /* RecipeWizard */,
				1ED11B6B273EFC1E00E7BF62 /* RecipeWizardTests */,
				1ED11B75273EFC1E00E7BF62 /* RecipeWizardUITests */,
			);
		};
/* End PBXProject section */

/* Begin PBXResourcesBuildPhase section */
		1ED11B54273EFC1B00E7BF62 /* Resources */ = {
			isa = PBXResourcesBuildPhase;
			buildActionMask = 2147483647;
			files = (
				1ED11B66273EFC1E00E7BF62 /* LaunchScreen.storyboard in Resources */,
				1E66E5FA2740161500055495 /* MealList.storyboard in Resources */,
				1EB08C78274068ED00E52A3B /* RecipeView.storyboard in Resources */,
				1ED11B63273EFC1E00E7BF62 /* Assets.xcassets in Resources */,
				1ED11B61273EFC1B00E7BF62 /* Main.storyboard in Resources */,
			);
			runOnlyForDeploymentPostprocessing = 0;
		};
		1ED11B6A273EFC1E00E7BF62 /* Resources */ = {
			isa = PBXResourcesBuildPhase;
			buildActionMask = 2147483647;
			files = (
			);
			runOnlyForDeploymentPostprocessing = 0;
		};
		1ED11B74273EFC1E00E7BF62 /* Resources */ = {
			isa = PBXResourcesBuildPhase;
			buildActionMask = 2147483647;
			files = (
			);
			runOnlyForDeploymentPostprocessing = 0;
		};
/* End PBXResourcesBuildPhase section */

/* Begin PBXShellScriptBuildPhase section */
		5814AF30FA02834CA66EDE87 /* [CP] Check Pods Manifest.lock */ = {
			isa = PBXShellScriptBuildPhase;
			buildActionMask = 2147483647;
			files = (
			);
			inputFileListPaths = (
			);
			inputPaths = (
				"${PODS_PODFILE_DIR_PATH}/Podfile.lock",
				"${PODS_ROOT}/Manifest.lock",
			);
			name = "[CP] Check Pods Manifest.lock";
			outputFileListPaths = (
			);
			outputPaths = (
				"$(DERIVED_FILE_DIR)/Pods-RecipeWizard-checkManifestLockResult.txt",
			);
			runOnlyForDeploymentPostprocessing = 0;
			shellPath = /bin/sh;
			shellScript = "diff \"${PODS_PODFILE_DIR_PATH}/Podfile.lock\" \"${PODS_ROOT}/Manifest.lock\" > /dev/null\nif [ $? != 0 ] ; then\n    # print error to STDERR\n    echo \"error: The sandbox is not in sync with the Podfile.lock. Run 'pod install' or update your CocoaPods installation.\" >&2\n    exit 1\nfi\n# This output is used by Xcode 'outputs' to avoid re-running this script phase.\necho \"SUCCESS\" > \"${SCRIPT_OUTPUT_FILE_0}\"\n";
			showEnvVarsInLog = 0;
		};
		CEEFA73F593D1F997D236877 /* [CP] Embed Pods Frameworks */ = {
			isa = PBXShellScriptBuildPhase;
			buildActionMask = 2147483647;
			files = (
			);
			inputFileListPaths = (
				"${PODS_ROOT}/Target Support Files/Pods-RecipeWizard/Pods-RecipeWizard-frameworks-${CONFIGURATION}-input-files.xcfilelist",
			);
			name = "[CP] Embed Pods Frameworks";
			outputFileListPaths = (
				"${PODS_ROOT}/Target Support Files/Pods-RecipeWizard/Pods-RecipeWizard-frameworks-${CONFIGURATION}-output-files.xcfilelist",
			);
			runOnlyForDeploymentPostprocessing = 0;
			shellPath = /bin/sh;
			shellScript = "\"${PODS_ROOT}/Target Support Files/Pods-RecipeWizard/Pods-RecipeWizard-frameworks.sh\"\n";
			showEnvVarsInLog = 0;
		};
/* End PBXShellScriptBuildPhase section */

/* Begin PBXSourcesBuildPhase section */
		1ED11B52273EFC1B00E7BF62 /* Sources */ = {
			isa = PBXSourcesBuildPhase;
			buildActionMask = 2147483647;
			files = (
				1ED11B96273F21B000E7BF62 /* MealModel.swift in Sources */,
				1ED11B8F273F0A1D00E7BF62 /* IngredientsTableViewCell.swift in Sources */,
				1E66E5F82740160300055495 /* MealListViewController.swift in Sources */,
				1ED11B94273F0D0C00E7BF62 /* RecipeService.swift in Sources */,
				1E66E60027403CA000055495 /* MealListItemTableViewCell.swift in Sources */,
				1EB08C7A27407BE600E52A3B /* IngredientDetailTableViewCell.swift in Sources */,
				1E66E5FE2740379600055495 /* MealListViewModel.swift in Sources */,
				1EB08C7C27407D9900E52A3B /* RecipeViewController.swift in Sources */,
				1ED11B5E273EFC1B00E7BF62 /* ListingViewController.swift in Sources */,
				1ED11B91273F0B3600E7BF62 /* ListingViewModel.swift in Sources */,
				1EB08C7E2740808600E52A3B /* RecipeViewModel.swift in Sources */,
				1ED11B5A273EFC1B00E7BF62 /* AppDelegate.swift in Sources */,
				1ED11B5C273EFC1B00E7BF62 /* SceneDelegate.swift in Sources */,
			);
			runOnlyForDeploymentPostprocessing = 0;
		};
		1ED11B68273EFC1E00E7BF62 /* Sources */ = {
			isa = PBXSourcesBuildPhase;
			buildActionMask = 2147483647;
			files = (
				1ED11B71273EFC1E00E7BF62 /* RecipeWizardTests.swift in Sources */,
			);
			runOnlyForDeploymentPostprocessing = 0;
		};
		1ED11B72273EFC1E00E7BF62 /* Sources */ = {
			isa = PBXSourcesBuildPhase;
			buildActionMask = 2147483647;
			files = (
				1ED11B7B273EFC1E00E7BF62 /* RecipeWizardUITests.swift in Sources */,
				1ED11B7D273EFC1E00E7BF62 /* RecipeWizardUITestsLaunchTests.swift in Sources */,
			);
			runOnlyForDeploymentPostprocessing = 0;
		};
/* End PBXSourcesBuildPhase section */

/* Begin PBXTargetDependency section */
		1ED11B6E273EFC1E00E7BF62 /* PBXTargetDependency */ = {
			isa = PBXTargetDependency;
			target = 1ED11B55273EFC1B00E7BF62 /* RecipeWizard */;
			targetProxy = 1ED11B6D273EFC1E00E7BF62 /* PBXContainerItemProxy */;
		};
		1ED11B78273EFC1E00E7BF62 /* PBXTargetDependency */ = {
			isa = PBXTargetDependency;
			target = 1ED11B55273EFC1B00E7BF62 /* RecipeWizard */;
			targetProxy = 1ED11B77273EFC1E00E7BF62 /* PBXContainerItemProxy */;
		};
/* End PBXTargetDependency section */

/* Begin PBXVariantGroup section */
		1ED11B5F273EFC1B00E7BF62 /* Main.storyboard */ = {
			isa = PBXVariantGroup;
			children = (
				1ED11B60273EFC1B00E7BF62 /* Base */,
			);
			name = Main.storyboard;
			sourceTree = "<group>";
		};
		1ED11B64273EFC1E00E7BF62 /* LaunchScreen.storyboard */ = {
			isa = PBXVariantGroup;
			children = (
				1ED11B65273EFC1E00E7BF62 /* Base */,
			);
			name = LaunchScreen.storyboard;
			sourceTree = "<group>";
		};
/* End PBXVariantGroup section */

/* Begin XCBuildConfiguration section */
		1ED11B7E273EFC1E00E7BF62 /* Debug */ = {
			isa = XCBuildConfiguration;
			buildSettings = {
				ALWAYS_SEARCH_USER_PATHS = NO;
				CLANG_ANALYZER_NONNULL = YES;
				CLANG_ANALYZER_NUMBER_OBJECT_CONVERSION = YES_AGGRESSIVE;
				CLANG_CXX_LANGUAGE_STANDARD = "gnu++17";
				CLANG_CXX_LIBRARY = "libc++";
				CLANG_ENABLE_MODULES = YES;
				CLANG_ENABLE_OBJC_ARC = YES;
				CLANG_ENABLE_OBJC_WEAK = YES;
				CLANG_WARN_BLOCK_CAPTURE_AUTORELEASING = YES;
				CLANG_WARN_BOOL_CONVERSION = YES;
				CLANG_WARN_COMMA = YES;
				CLANG_WARN_CONSTANT_CONVERSION = YES;
				CLANG_WARN_DEPRECATED_OBJC_IMPLEMENTATIONS = YES;
				CLANG_WARN_DIRECT_OBJC_ISA_USAGE = YES_ERROR;
				CLANG_WARN_DOCUMENTATION_COMMENTS = YES;
				CLANG_WARN_EMPTY_BODY = YES;
				CLANG_WARN_ENUM_CONVERSION = YES;
				CLANG_WARN_INFINITE_RECURSION = YES;
				CLANG_WARN_INT_CONVERSION = YES;
				CLANG_WARN_NON_LITERAL_NULL_CONVERSION = YES;
				CLANG_WARN_OBJC_IMPLICIT_RETAIN_SELF = YES;
				CLANG_WARN_OBJC_LITERAL_CONVERSION = YES;
				CLANG_WARN_OBJC_ROOT_CLASS = YES_ERROR;
				CLANG_WARN_QUOTED_INCLUDE_IN_FRAMEWORK_HEADER = YES;
				CLANG_WARN_RANGE_LOOP_ANALYSIS = YES;
				CLANG_WARN_STRICT_PROTOTYPES = YES;
				CLANG_WARN_SUSPICIOUS_MOVE = YES;
				CLANG_WARN_UNGUARDED_AVAILABILITY = YES_AGGRESSIVE;
				CLANG_WARN_UNREACHABLE_CODE = YES;
				CLANG_WARN__DUPLICATE_METHOD_MATCH = YES;
				COPY_PHASE_STRIP = NO;
				DEBUG_INFORMATION_FORMAT = dwarf;
				ENABLE_STRICT_OBJC_MSGSEND = YES;
				ENABLE_TESTABILITY = YES;
				GCC_C_LANGUAGE_STANDARD = gnu11;
				GCC_DYNAMIC_NO_PIC = NO;
				GCC_NO_COMMON_BLOCKS = YES;
				GCC_OPTIMIZATION_LEVEL = 0;
				GCC_PREPROCESSOR_DEFINITIONS = (
					"DEBUG=1",
					"$(inherited)",
				);
				GCC_WARN_64_TO_32_BIT_CONVERSION = YES;
				GCC_WARN_ABOUT_RETURN_TYPE = YES_ERROR;
				GCC_WARN_UNDECLARED_SELECTOR = YES;
				GCC_WARN_UNINITIALIZED_AUTOS = YES_AGGRESSIVE;
				GCC_WARN_UNUSED_FUNCTION = YES;
				GCC_WARN_UNUSED_VARIABLE = YES;
				IPHONEOS_DEPLOYMENT_TARGET = 15.0;
				MTL_ENABLE_DEBUG_INFO = INCLUDE_SOURCE;
				MTL_FAST_MATH = YES;
				ONLY_ACTIVE_ARCH = YES;
				SDKROOT = iphoneos;
				SWIFT_ACTIVE_COMPILATION_CONDITIONS = DEBUG;
				SWIFT_OPTIMIZATION_LEVEL = "-Onone";
			};
			name = Debug;
		};
		1ED11B7F273EFC1E00E7BF62 /* Release */ = {
			isa = XCBuildConfiguration;
			buildSettings = {
				ALWAYS_SEARCH_USER_PATHS = NO;
				CLANG_ANALYZER_NONNULL = YES;
				CLANG_ANALYZER_NUMBER_OBJECT_CONVERSION = YES_AGGRESSIVE;
				CLANG_CXX_LANGUAGE_STANDARD = "gnu++17";
				CLANG_CXX_LIBRARY = "libc++";
				CLANG_ENABLE_MODULES = YES;
				CLANG_ENABLE_OBJC_ARC = YES;
				CLANG_ENABLE_OBJC_WEAK = YES;
				CLANG_WARN_BLOCK_CAPTURE_AUTORELEASING = YES;
				CLANG_WARN_BOOL_CONVERSION = YES;
				CLANG_WARN_COMMA = YES;
				CLANG_WARN_CONSTANT_CONVERSION = YES;
				CLANG_WARN_DEPRECATED_OBJC_IMPLEMENTATIONS = YES;
				CLANG_WARN_DIRECT_OBJC_ISA_USAGE = YES_ERROR;
				CLANG_WARN_DOCUMENTATION_COMMENTS = YES;
				CLANG_WARN_EMPTY_BODY = YES;
				CLANG_WARN_ENUM_CONVERSION = YES;
				CLANG_WARN_INFINITE_RECURSION = YES;
				CLANG_WARN_INT_CONVERSION = YES;
				CLANG_WARN_NON_LITERAL_NULL_CONVERSION = YES;
				CLANG_WARN_OBJC_IMPLICIT_RETAIN_SELF = YES;
				CLANG_WARN_OBJC_LITERAL_CONVERSION = YES;
				CLANG_WARN_OBJC_ROOT_CLASS = YES_ERROR;
				CLANG_WARN_QUOTED_INCLUDE_IN_FRAMEWORK_HEADER = YES;
				CLANG_WARN_RANGE_LOOP_ANALYSIS = YES;
				CLANG_WARN_STRICT_PROTOTYPES = YES;
				CLANG_WARN_SUSPICIOUS_MOVE = YES;
				CLANG_WARN_UNGUARDED_AVAILABILITY = YES_AGGRESSIVE;
				CLANG_WARN_UNREACHABLE_CODE = YES;
				CLANG_WARN__DUPLICATE_METHOD_MATCH = YES;
				COPY_PHASE_STRIP = NO;
				DEBUG_INFORMATION_FORMAT = "dwarf-with-dsym";
				ENABLE_NS_ASSERTIONS = NO;
				ENABLE_STRICT_OBJC_MSGSEND = YES;
				GCC_C_LANGUAGE_STANDARD = gnu11;
				GCC_NO_COMMON_BLOCKS = YES;
				GCC_WARN_64_TO_32_BIT_CONVERSION = YES;
				GCC_WARN_ABOUT_RETURN_TYPE = YES_ERROR;
				GCC_WARN_UNDECLARED_SELECTOR = YES;
				GCC_WARN_UNINITIALIZED_AUTOS = YES_AGGRESSIVE;
				GCC_WARN_UNUSED_FUNCTION = YES;
				GCC_WARN_UNUSED_VARIABLE = YES;
				IPHONEOS_DEPLOYMENT_TARGET = 15.0;
				MTL_ENABLE_DEBUG_INFO = NO;
				MTL_FAST_MATH = YES;
				SDKROOT = iphoneos;
				SWIFT_COMPILATION_MODE = wholemodule;
				SWIFT_OPTIMIZATION_LEVEL = "-O";
				VALIDATE_PRODUCT = YES;
			};
			name = Release;
		};
		1ED11B81273EFC1E00E7BF62 /* Debug */ = {
			isa = XCBuildConfiguration;
			baseConfigurationReference = 3350C505002FD4F5DF1AE37E /* Pods-RecipeWizard.debug.xcconfig */;
			buildSettings = {
				ASSETCATALOG_COMPILER_APPICON_NAME = AppIcon;
				ASSETCATALOG_COMPILER_GLOBAL_ACCENT_COLOR_NAME = AccentColor;
				CODE_SIGN_STYLE = Automatic;
				CURRENT_PROJECT_VERSION = 1;
				DEVELOPMENT_TEAM = K8CQ9C2992;
				GENERATE_INFOPLIST_FILE = YES;
				INFOPLIST_FILE = RecipeWizard/Info.plist;
				INFOPLIST_KEY_UIApplicationSupportsIndirectInputEvents = YES;
				INFOPLIST_KEY_UILaunchStoryboardName = LaunchScreen;
				INFOPLIST_KEY_UIMainStoryboardFile = Main;
				INFOPLIST_KEY_UISupportedInterfaceOrientations_iPad = "UIInterfaceOrientationPortrait UIInterfaceOrientationPortraitUpsideDown UIInterfaceOrientationLandscapeLeft UIInterfaceOrientationLandscapeRight";
				INFOPLIST_KEY_UISupportedInterfaceOrientations_iPhone = "UIInterfaceOrientationPortrait UIInterfaceOrientationLandscapeLeft UIInterfaceOrientationLandscapeRight";
				LD_RUNPATH_SEARCH_PATHS = (
					"$(inherited)",
					"@executable_path/Frameworks",
				);
				MARKETING_VERSION = 1.0;
				PRODUCT_BUNDLE_IDENTIFIER = org.Yeser.RecipeWizard;
				PRODUCT_NAME = "$(TARGET_NAME)";
				SWIFT_EMIT_LOC_STRINGS = YES;
				SWIFT_VERSION = 5.0;
				TARGETED_DEVICE_FAMILY = "1,2";
			};
			name = Debug;
		};
		1ED11B82273EFC1E00E7BF62 /* Release */ = {
			isa = XCBuildConfiguration;
			baseConfigurationReference = 96D9D8D3C553C385EAA5A486 /* Pods-RecipeWizard.release.xcconfig */;
			buildSettings = {
				ASSETCATALOG_COMPILER_APPICON_NAME = AppIcon;
				ASSETCATALOG_COMPILER_GLOBAL_ACCENT_COLOR_NAME = AccentColor;
				CODE_SIGN_STYLE = Automatic;
				CURRENT_PROJECT_VERSION = 1;
				DEVELOPMENT_TEAM = K8CQ9C2992;
				GENERATE_INFOPLIST_FILE = YES;
				INFOPLIST_FILE = RecipeWizard/Info.plist;
				INFOPLIST_KEY_UIApplicationSupportsIndirectInputEvents = YES;
				INFOPLIST_KEY_UILaunchStoryboardName = LaunchScreen;
				INFOPLIST_KEY_UIMainStoryboardFile = Main;
				INFOPLIST_KEY_UISupportedInterfaceOrientations_iPad = "UIInterfaceOrientationPortrait UIInterfaceOrientationPortraitUpsideDown UIInterfaceOrientationLandscapeLeft UIInterfaceOrientationLandscapeRight";
				INFOPLIST_KEY_UISupportedInterfaceOrientations_iPhone = "UIInterfaceOrientationPortrait UIInterfaceOrientationLandscapeLeft UIInterfaceOrientationLandscapeRight";
				LD_RUNPATH_SEARCH_PATHS = (
					"$(inherited)",
					"@executable_path/Frameworks",
				);
				MARKETING_VERSION = 1.0;
				PRODUCT_BUNDLE_IDENTIFIER = org.Yeser.RecipeWizard;
				PRODUCT_NAME = "$(TARGET_NAME)";
				SWIFT_EMIT_LOC_STRINGS = YES;
				SWIFT_VERSION = 5.0;
				TARGETED_DEVICE_FAMILY = "1,2";
			};
			name = Release;
		};
		1ED11B84273EFC1E00E7BF62 /* Debug */ = {
			isa = XCBuildConfiguration;
			buildSettings = {
				ALWAYS_EMBED_SWIFT_STANDARD_LIBRARIES = YES;
				BUNDLE_LOADER = "$(TEST_HOST)";
				CODE_SIGN_STYLE = Automatic;
				CURRENT_PROJECT_VERSION = 1;
				DEVELOPMENT_TEAM = K8CQ9C2992;
				GENERATE_INFOPLIST_FILE = YES;
				IPHONEOS_DEPLOYMENT_TARGET = 15.0;
				LD_RUNPATH_SEARCH_PATHS = (
					"$(inherited)",
					"@executable_path/Frameworks",
					"@loader_path/Frameworks",
				);
				MARKETING_VERSION = 1.0;
				PRODUCT_BUNDLE_IDENTIFIER = org.Yeser.RecipeWizardTests;
				PRODUCT_NAME = "$(TARGET_NAME)";
				SWIFT_EMIT_LOC_STRINGS = NO;
				SWIFT_VERSION = 5.0;
				TARGETED_DEVICE_FAMILY = "1,2";
				TEST_HOST = "$(BUILT_PRODUCTS_DIR)/RecipeWizard.app/RecipeWizard";
			};
			name = Debug;
		};
		1ED11B85273EFC1E00E7BF62 /* Release */ = {
			isa = XCBuildConfiguration;
			buildSettings = {
				ALWAYS_EMBED_SWIFT_STANDARD_LIBRARIES = YES;
				BUNDLE_LOADER = "$(TEST_HOST)";
				CODE_SIGN_STYLE = Automatic;
				CURRENT_PROJECT_VERSION = 1;
				DEVELOPMENT_TEAM = K8CQ9C2992;
				GENERATE_INFOPLIST_FILE = YES;
				IPHONEOS_DEPLOYMENT_TARGET = 15.0;
				LD_RUNPATH_SEARCH_PATHS = (
					"$(inherited)",
					"@executable_path/Frameworks",
					"@loader_path/Frameworks",
				);
				MARKETING_VERSION = 1.0;
				PRODUCT_BUNDLE_IDENTIFIER = org.Yeser.RecipeWizardTests;
				PRODUCT_NAME = "$(TARGET_NAME)";
				SWIFT_EMIT_LOC_STRINGS = NO;
				SWIFT_VERSION = 5.0;
				TARGETED_DEVICE_FAMILY = "1,2";
				TEST_HOST = "$(BUILT_PRODUCTS_DIR)/RecipeWizard.app/RecipeWizard";
			};
			name = Release;
		};
		1ED11B87273EFC1E00E7BF62 /* Debug */ = {
			isa = XCBuildConfiguration;
			buildSettings = {
				ALWAYS_EMBED_SWIFT_STANDARD_LIBRARIES = YES;
				CODE_SIGN_STYLE = Automatic;
				CURRENT_PROJECT_VERSION = 1;
				DEVELOPMENT_TEAM = K8CQ9C2992;
				GENERATE_INFOPLIST_FILE = YES;
				LD_RUNPATH_SEARCH_PATHS = (
					"$(inherited)",
					"@executable_path/Frameworks",
					"@loader_path/Frameworks",
				);
				MARKETING_VERSION = 1.0;
				PRODUCT_BUNDLE_IDENTIFIER = org.Yeser.RecipeWizardUITests;
				PRODUCT_NAME = "$(TARGET_NAME)";
				SWIFT_EMIT_LOC_STRINGS = NO;
				SWIFT_VERSION = 5.0;
				TARGETED_DEVICE_FAMILY = "1,2";
				TEST_TARGET_NAME = RecipeWizard;
			};
			name = Debug;
		};
		1ED11B88273EFC1E00E7BF62 /* Release */ = {
			isa = XCBuildConfiguration;
			buildSettings = {
				ALWAYS_EMBED_SWIFT_STANDARD_LIBRARIES = YES;
				CODE_SIGN_STYLE = Automatic;
				CURRENT_PROJECT_VERSION = 1;
				DEVELOPMENT_TEAM = K8CQ9C2992;
				GENERATE_INFOPLIST_FILE = YES;
				LD_RUNPATH_SEARCH_PATHS = (
					"$(inherited)",
					"@executable_path/Frameworks",
					"@loader_path/Frameworks",
				);
				MARKETING_VERSION = 1.0;
				PRODUCT_BUNDLE_IDENTIFIER = org.Yeser.RecipeWizardUITests;
				PRODUCT_NAME = "$(TARGET_NAME)";
				SWIFT_EMIT_LOC_STRINGS = NO;
				SWIFT_VERSION = 5.0;
				TARGETED_DEVICE_FAMILY = "1,2";
				TEST_TARGET_NAME = RecipeWizard;
			};
			name = Release;
		};
/* End XCBuildConfiguration section */

/* Begin XCConfigurationList section */
		1ED11B51273EFC1A00E7BF62 /* Build configuration list for PBXProject "RecipeWizard" */ = {
			isa = XCConfigurationList;
			buildConfigurations = (
				1ED11B7E273EFC1E00E7BF62 /* Debug */,
				1ED11B7F273EFC1E00E7BF62 /* Release */,
			);
			defaultConfigurationIsVisible = 0;
			defaultConfigurationName = Release;
		};
		1ED11B80273EFC1E00E7BF62 /* Build configuration list for PBXNativeTarget "RecipeWizard" */ = {
			isa = XCConfigurationList;
			buildConfigurations = (
				1ED11B81273EFC1E00E7BF62 /* Debug */,
				1ED11B82273EFC1E00E7BF62 /* Release */,
			);
			defaultConfigurationIsVisible = 0;
			defaultConfigurationName = Release;
		};
		1ED11B83273EFC1E00E7BF62 /* Build configuration list for PBXNativeTarget "RecipeWizardTests" */ = {
			isa = XCConfigurationList;
			buildConfigurations = (
				1ED11B84273EFC1E00E7BF62 /* Debug */,
				1ED11B85273EFC1E00E7BF62 /* Release */,
			);
			defaultConfigurationIsVisible = 0;
			defaultConfigurationName = Release;
		};
		1ED11B86273EFC1E00E7BF62 /* Build configuration list for PBXNativeTarget "RecipeWizardUITests" */ = {
			isa = XCConfigurationList;
			buildConfigurations = (
				1ED11B87273EFC1E00E7BF62 /* Debug */,
				1ED11B88273EFC1E00E7BF62 /* Release */,
			);
			defaultConfigurationIsVisible = 0;
			defaultConfigurationName = Release;
		};
/* End XCConfigurationList section */
	};
	rootObject = 1ED11B4E273EFC1A00E7BF62 /* Project object */;
}
